PODS:
  - boost-for-react-native (1.63.0)
  - CocoaAsyncSocket (7.6.5)
  - DoubleConversion (1.1.6)
  - FBLazyVector (0.65.3)
  - FBReactNativeSpec (0.65.3):
    - RCT-Folly (= 2021.04.26.00)
    - RCTRequired (= 0.65.3)
    - RCTTypeSafety (= 0.65.3)
    - React-Core (= 0.65.3)
    - React-jsi (= 0.65.3)
    - ReactCommon/turbomodule/core (= 0.65.3)
  - Flipper (0.90.0):
    - Flipper-Folly (~> 2.6)
    - Flipper-RSocket (~> 1.4)
  - Flipper-Boost-iOSX (1.76.0.1.11)
  - Flipper-DoubleConversion (3.1.7)
  - Flipper-Fmt (7.1.7)
  - Flipper-Folly (2.6.7):
    - Flipper-Boost-iOSX
    - Flipper-DoubleConversion
    - Flipper-Fmt (= 7.1.7)
    - Flipper-Glog
    - libevent (~> 2.1.12)
    - OpenSSL-Universal (= 1.1.180)
  - Flipper-Glog (0.3.6)
  - Flipper-PeerTalk (0.0.4)
  - Flipper-RSocket (1.4.3):
    - Flipper-Folly (~> 2.6)
  - FlipperKit (0.90.0):
    - FlipperKit/Core (= 0.90.0)
  - FlipperKit/Core (0.90.0):
    - Flipper (~> 0.90.0)
    - FlipperKit/CppBridge
    - FlipperKit/FBCxxFollyDynamicConvert
    - FlipperKit/FBDefines
    - FlipperKit/FKPortForwarding
  - FlipperKit/CppBridge (0.90.0):
    - Flipper (~> 0.90.0)
  - FlipperKit/FBCxxFollyDynamicConvert (0.90.0):
    - Flipper-Folly (~> 2.6)
  - FlipperKit/FBDefines (0.90.0)
  - FlipperKit/FKPortForwarding (0.90.0):
    - CocoaAsyncSocket (~> 7.6)
    - Flipper-PeerTalk (~> 0.0.4)
  - FlipperKit/FlipperKitHighlightOverlay (0.90.0)
  - FlipperKit/FlipperKitLayoutHelpers (0.90.0):
    - FlipperKit/Core
    - FlipperKit/FlipperKitHighlightOverlay
    - FlipperKit/FlipperKitLayoutTextSearchable
  - FlipperKit/FlipperKitLayoutIOSDescriptors (0.90.0):
    - FlipperKit/Core
    - FlipperKit/FlipperKitHighlightOverlay
    - FlipperKit/FlipperKitLayoutHelpers
    - YogaKit (~> 1.18)
  - FlipperKit/FlipperKitLayoutPlugin (0.90.0):
    - FlipperKit/Core
    - FlipperKit/FlipperKitHighlightOverlay
    - FlipperKit/FlipperKitLayoutHelpers
    - FlipperKit/FlipperKitLayoutIOSDescriptors
    - FlipperKit/FlipperKitLayoutTextSearchable
    - YogaKit (~> 1.18)
  - FlipperKit/FlipperKitLayoutTextSearchable (0.90.0)
  - FlipperKit/FlipperKitNetworkPlugin (0.90.0):
    - FlipperKit/Core
  - FlipperKit/FlipperKitReactPlugin (0.90.0):
    - FlipperKit/Core
  - FlipperKit/FlipperKitUserDefaultsPlugin (0.90.0):
    - FlipperKit/Core
  - FlipperKit/SKIOSNetworkPlugin (0.90.0):
    - FlipperKit/Core
    - FlipperKit/FlipperKitNetworkPlugin
  - fmt (6.2.1)
  - glog (0.3.5)
  - libevent (2.1.12)
  - OpenSSL-Universal (1.1.180)
  - Permission-Camera (3.0.0):
    - RNPermissions
  - Permission-Notifications (3.0.0):
    - RNPermissions
  - RCT-Folly (2021.04.26.00):
    - boost-for-react-native
    - DoubleConversion
    - fmt (~> 6.2.1)
    - glog
    - RCT-Folly/Default (= 2021.04.26.00)
  - RCT-Folly/Default (2021.04.26.00):
    - boost-for-react-native
    - DoubleConversion
    - fmt (~> 6.2.1)
    - glog
  - RCTRequired (0.65.3)
  - RCTTypeSafety (0.65.3):
    - FBLazyVector (= 0.65.3)
    - RCT-Folly (= 2021.04.26.00)
    - RCTRequired (= 0.65.3)
    - React-Core (= 0.65.3)
  - React (0.65.3):
    - React-Core (= 0.65.3)
    - React-Core/DevSupport (= 0.65.3)
    - React-Core/RCTWebSocket (= 0.65.3)
    - React-RCTActionSheet (= 0.65.3)
    - React-RCTAnimation (= 0.65.3)
    - React-RCTBlob (= 0.65.3)
    - React-RCTImage (= 0.65.3)
    - React-RCTLinking (= 0.65.3)
    - React-RCTNetwork (= 0.65.3)
    - React-RCTSettings (= 0.65.3)
    - React-RCTText (= 0.65.3)
    - React-RCTVibration (= 0.65.3)
  - React-callinvoker (0.65.3)
  - React-Core (0.65.3):
    - glog
    - RCT-Folly (= 2021.04.26.00)
    - React-Core/Default (= 0.65.3)
    - React-cxxreact (= 0.65.3)
    - React-jsi (= 0.65.3)
    - React-jsiexecutor (= 0.65.3)
    - React-perflogger (= 0.65.3)
    - Yoga
  - React-Core/CoreModulesHeaders (0.65.3):
    - glog
    - RCT-Folly (= 2021.04.26.00)
    - React-Core/Default
    - React-cxxreact (= 0.65.3)
    - React-jsi (= 0.65.3)
    - React-jsiexecutor (= 0.65.3)
    - React-perflogger (= 0.65.3)
    - Yoga
  - React-Core/Default (0.65.3):
    - glog
    - RCT-Folly (= 2021.04.26.00)
    - React-cxxreact (= 0.65.3)
    - React-jsi (= 0.65.3)
    - React-jsiexecutor (= 0.65.3)
    - React-perflogger (= 0.65.3)
    - Yoga
  - React-Core/DevSupport (0.65.3):
    - glog
    - RCT-Folly (= 2021.04.26.00)
    - React-Core/Default (= 0.65.3)
    - React-Core/RCTWebSocket (= 0.65.3)
    - React-cxxreact (= 0.65.3)
    - React-jsi (= 0.65.3)
    - React-jsiexecutor (= 0.65.3)
    - React-jsinspector (= 0.65.3)
    - React-perflogger (= 0.65.3)
    - Yoga
  - React-Core/RCTActionSheetHeaders (0.65.3):
    - glog
    - RCT-Folly (= 2021.04.26.00)
    - React-Core/Default
    - React-cxxreact (= 0.65.3)
    - React-jsi (= 0.65.3)
    - React-jsiexecutor (= 0.65.3)
    - React-perflogger (= 0.65.3)
    - Yoga
  - React-Core/RCTAnimationHeaders (0.65.3):
    - glog
    - RCT-Folly (= 2021.04.26.00)
    - React-Core/Default
    - React-cxxreact (= 0.65.3)
    - React-jsi (= 0.65.3)
    - React-jsiexecutor (= 0.65.3)
    - React-perflogger (= 0.65.3)
    - Yoga
  - React-Core/RCTBlobHeaders (0.65.3):
    - glog
    - RCT-Folly (= 2021.04.26.00)
    - React-Core/Default
    - React-cxxreact (= 0.65.3)
    - React-jsi (= 0.65.3)
    - React-jsiexecutor (= 0.65.3)
    - React-perflogger (= 0.65.3)
    - Yoga
  - React-Core/RCTImageHeaders (0.65.3):
    - glog
    - RCT-Folly (= 2021.04.26.00)
    - React-Core/Default
    - React-cxxreact (= 0.65.3)
    - React-jsi (= 0.65.3)
    - React-jsiexecutor (= 0.65.3)
    - React-perflogger (= 0.65.3)
    - Yoga
  - React-Core/RCTLinkingHeaders (0.65.3):
    - glog
    - RCT-Folly (= 2021.04.26.00)
    - React-Core/Default
    - React-cxxreact (= 0.65.3)
    - React-jsi (= 0.65.3)
    - React-jsiexecutor (= 0.65.3)
    - React-perflogger (= 0.65.3)
    - Yoga
  - React-Core/RCTNetworkHeaders (0.65.3):
    - glog
    - RCT-Folly (= 2021.04.26.00)
    - React-Core/Default
    - React-cxxreact (= 0.65.3)
    - React-jsi (= 0.65.3)
    - React-jsiexecutor (= 0.65.3)
    - React-perflogger (= 0.65.3)
    - Yoga
  - React-Core/RCTSettingsHeaders (0.65.3):
    - glog
    - RCT-Folly (= 2021.04.26.00)
    - React-Core/Default
    - React-cxxreact (= 0.65.3)
    - React-jsi (= 0.65.3)
    - React-jsiexecutor (= 0.65.3)
    - React-perflogger (= 0.65.3)
    - Yoga
  - React-Core/RCTTextHeaders (0.65.3):
    - glog
    - RCT-Folly (= 2021.04.26.00)
    - React-Core/Default
    - React-cxxreact (= 0.65.3)
    - React-jsi (= 0.65.3)
    - React-jsiexecutor (= 0.65.3)
    - React-perflogger (= 0.65.3)
    - Yoga
  - React-Core/RCTVibrationHeaders (0.65.3):
    - glog
    - RCT-Folly (= 2021.04.26.00)
    - React-Core/Default
    - React-cxxreact (= 0.65.3)
    - React-jsi (= 0.65.3)
    - React-jsiexecutor (= 0.65.3)
    - React-perflogger (= 0.65.3)
    - Yoga
  - React-Core/RCTWebSocket (0.65.3):
    - glog
    - RCT-Folly (= 2021.04.26.00)
    - React-Core/Default (= 0.65.3)
    - React-cxxreact (= 0.65.3)
    - React-jsi (= 0.65.3)
    - React-jsiexecutor (= 0.65.3)
    - React-perflogger (= 0.65.3)
    - Yoga
  - React-CoreModules (0.65.3):
    - FBReactNativeSpec (= 0.65.3)
    - RCT-Folly (= 2021.04.26.00)
    - RCTTypeSafety (= 0.65.3)
    - React-Core/CoreModulesHeaders (= 0.65.3)
    - React-jsi (= 0.65.3)
    - React-RCTImage (= 0.65.3)
    - ReactCommon/turbomodule/core (= 0.65.3)
  - React-cxxreact (0.65.3):
    - boost-for-react-native (= 1.63.0)
    - DoubleConversion
    - glog
    - RCT-Folly (= 2021.04.26.00)
    - React-callinvoker (= 0.65.3)
    - React-jsi (= 0.65.3)
    - React-jsinspector (= 0.65.3)
    - React-perflogger (= 0.65.3)
    - React-runtimeexecutor (= 0.65.3)
  - React-jsi (0.65.3):
    - boost-for-react-native (= 1.63.0)
    - DoubleConversion
    - glog
    - RCT-Folly (= 2021.04.26.00)
    - React-jsi/Default (= 0.65.3)
  - React-jsi/Default (0.65.3):
    - boost-for-react-native (= 1.63.0)
    - DoubleConversion
    - glog
    - RCT-Folly (= 2021.04.26.00)
  - React-jsiexecutor (0.65.3):
    - DoubleConversion
    - glog
    - RCT-Folly (= 2021.04.26.00)
    - React-cxxreact (= 0.65.3)
    - React-jsi (= 0.65.3)
    - React-perflogger (= 0.65.3)
  - React-jsinspector (0.65.3)
  - react-native-randombytes (3.6.1):
    - React-Core
  - react-native-safe-area-context (3.4.1):
    - React-Core
  - react-native-sodium (0.3.9):
    - React
  - react-native-sqlite-storage (5.0.0):
    - React
  - react-native-version-number (0.3.6):
    - React
  - React-perflogger (0.65.3)
  - React-RCTActionSheet (0.65.3):
    - React-Core/RCTActionSheetHeaders (= 0.65.3)
  - React-RCTAnimation (0.65.3):
    - FBReactNativeSpec (= 0.65.3)
    - RCT-Folly (= 2021.04.26.00)
    - RCTTypeSafety (= 0.65.3)
    - React-Core/RCTAnimationHeaders (= 0.65.3)
    - React-jsi (= 0.65.3)
    - ReactCommon/turbomodule/core (= 0.65.3)
  - React-RCTBlob (0.65.3):
    - FBReactNativeSpec (= 0.65.3)
    - RCT-Folly (= 2021.04.26.00)
    - React-Core/RCTBlobHeaders (= 0.65.3)
    - React-Core/RCTWebSocket (= 0.65.3)
    - React-jsi (= 0.65.3)
    - React-RCTNetwork (= 0.65.3)
    - ReactCommon/turbomodule/core (= 0.65.3)
  - React-RCTImage (0.65.3):
    - FBReactNativeSpec (= 0.65.3)
    - RCT-Folly (= 2021.04.26.00)
    - RCTTypeSafety (= 0.65.3)
    - React-Core/RCTImageHeaders (= 0.65.3)
    - React-jsi (= 0.65.3)
    - React-RCTNetwork (= 0.65.3)
    - ReactCommon/turbomodule/core (= 0.65.3)
  - React-RCTLinking (0.65.3):
    - FBReactNativeSpec (= 0.65.3)
    - React-Core/RCTLinkingHeaders (= 0.65.3)
    - React-jsi (= 0.65.3)
    - ReactCommon/turbomodule/core (= 0.65.3)
  - React-RCTNetwork (0.65.3):
    - FBReactNativeSpec (= 0.65.3)
    - RCT-Folly (= 2021.04.26.00)
    - RCTTypeSafety (= 0.65.3)
    - React-Core/RCTNetworkHeaders (= 0.65.3)
    - React-jsi (= 0.65.3)
    - ReactCommon/turbomodule/core (= 0.65.3)
  - React-RCTSettings (0.65.3):
    - FBReactNativeSpec (= 0.65.3)
    - RCT-Folly (= 2021.04.26.00)
    - RCTTypeSafety (= 0.65.3)
    - React-Core/RCTSettingsHeaders (= 0.65.3)
    - React-jsi (= 0.65.3)
    - ReactCommon/turbomodule/core (= 0.65.3)
  - React-RCTText (0.65.3):
    - React-Core/RCTTextHeaders (= 0.65.3)
  - React-RCTVibration (0.65.3):
    - FBReactNativeSpec (= 0.65.3)
    - RCT-Folly (= 2021.04.26.00)
    - React-Core/RCTVibrationHeaders (= 0.65.3)
    - React-jsi (= 0.65.3)
    - ReactCommon/turbomodule/core (= 0.65.3)
  - React-runtimeexecutor (0.65.3):
    - React-jsi (= 0.65.3)
  - ReactCommon/turbomodule/core (0.65.3):
    - DoubleConversion
    - glog
    - RCT-Folly (= 2021.04.26.00)
    - React-callinvoker (= 0.65.3)
    - React-Core (= 0.65.3)
    - React-cxxreact (= 0.65.3)
    - React-jsi (= 0.65.3)
    - React-perflogger (= 0.65.3)
  - RNBackgroundFetch (4.1.5):
    - React-Core
  - RNCClipboard (1.5.1):
    - React-Core
  - RNCMaskedView (0.2.8):
    - React-Core
  - RNGestureHandler (1.10.3):
    - React-Core
  - RNNotifee (5.7.0):
    - React-Core
    - RNNotifee/NotifeeCore (= 5.7.0)
  - RNNotifee/NotifeeCore (5.7.0):
    - React-Core
  - RNPermissions (3.0.0):
    - React-Core
  - RNReanimated (1.13.4):
    - React-Core
  - RNScreens (2.18.1):
    - React-Core
  - RNSVG (12.4.4):
    - React-Core
  - RNVectorIcons (8.1.0):
    - React-Core
  - VisionCamera (2.13.0):
    - React
    - React-callinvoker
    - React-Core
  - Yoga (1.14.0)
  - YogaKit (1.18.1):
    - Yoga (~> 1.14)

DEPENDENCIES:
  - DoubleConversion (from `../node_modules/react-native/third-party-podspecs/DoubleConversion.podspec`)
  - FBLazyVector (from `../node_modules/react-native/Libraries/FBLazyVector`)
  - FBReactNativeSpec (from `../node_modules/react-native/React/FBReactNativeSpec`)
  - Flipper (= 0.90.0)
  - Flipper-Boost-iOSX (= 1.76.0.1.11)
  - Flipper-DoubleConversion (= 3.1.7)
  - Flipper-Fmt (= 7.1.7)
  - Flipper-Folly (= 2.6.7)
  - Flipper-Glog (= 0.3.6)
  - Flipper-PeerTalk (= 0.0.4)
  - Flipper-RSocket (= 1.4.3)
  - FlipperKit (= 0.90.0)
  - FlipperKit/Core (= 0.90.0)
  - FlipperKit/CppBridge (= 0.90.0)
  - FlipperKit/FBCxxFollyDynamicConvert (= 0.90.0)
  - FlipperKit/FBDefines (= 0.90.0)
  - FlipperKit/FKPortForwarding (= 0.90.0)
  - FlipperKit/FlipperKitHighlightOverlay (= 0.90.0)
  - FlipperKit/FlipperKitLayoutPlugin (= 0.90.0)
  - FlipperKit/FlipperKitLayoutTextSearchable (= 0.90.0)
  - FlipperKit/FlipperKitNetworkPlugin (= 0.90.0)
  - FlipperKit/FlipperKitReactPlugin (= 0.90.0)
  - FlipperKit/FlipperKitUserDefaultsPlugin (= 0.90.0)
  - FlipperKit/SKIOSNetworkPlugin (= 0.90.0)
  - glog (from `../node_modules/react-native/third-party-podspecs/glog.podspec`)
  - Permission-Camera (from `../node_modules/react-native-permissions/ios/Camera`)
  - Permission-Notifications (from `../node_modules/react-native-permissions/ios/Notifications`)
  - RCT-Folly (from `../node_modules/react-native/third-party-podspecs/RCT-Folly.podspec`)
  - RCTRequired (from `../node_modules/react-native/Libraries/RCTRequired`)
  - RCTTypeSafety (from `../node_modules/react-native/Libraries/TypeSafety`)
  - React (from `../node_modules/react-native/`)
  - React-callinvoker (from `../node_modules/react-native/ReactCommon/callinvoker`)
  - React-Core (from `../node_modules/react-native/`)
  - React-Core/DevSupport (from `../node_modules/react-native/`)
  - React-Core/RCTWebSocket (from `../node_modules/react-native/`)
  - React-CoreModules (from `../node_modules/react-native/React/CoreModules`)
  - React-cxxreact (from `../node_modules/react-native/ReactCommon/cxxreact`)
  - React-jsi (from `../node_modules/react-native/ReactCommon/jsi`)
  - React-jsiexecutor (from `../node_modules/react-native/ReactCommon/jsiexecutor`)
  - React-jsinspector (from `../node_modules/react-native/ReactCommon/jsinspector`)
  - react-native-randombytes (from `../node_modules/react-native-randombytes`)
  - react-native-safe-area-context (from `../node_modules/react-native-safe-area-context`)
  - react-native-sodium (from `../node_modules/react-native-sodium`)
  - react-native-sqlite-storage (from `../node_modules/react-native-sqlite-storage`)
  - react-native-version-number (from `../node_modules/react-native-version-number`)
  - React-perflogger (from `../node_modules/react-native/ReactCommon/reactperflogger`)
  - React-RCTActionSheet (from `../node_modules/react-native/Libraries/ActionSheetIOS`)
  - React-RCTAnimation (from `../node_modules/react-native/Libraries/NativeAnimation`)
  - React-RCTBlob (from `../node_modules/react-native/Libraries/Blob`)
  - React-RCTImage (from `../node_modules/react-native/Libraries/Image`)
  - React-RCTLinking (from `../node_modules/react-native/Libraries/LinkingIOS`)
  - React-RCTNetwork (from `../node_modules/react-native/Libraries/Network`)
  - React-RCTSettings (from `../node_modules/react-native/Libraries/Settings`)
  - React-RCTText (from `../node_modules/react-native/Libraries/Text`)
  - React-RCTVibration (from `../node_modules/react-native/Libraries/Vibration`)
  - React-runtimeexecutor (from `../node_modules/react-native/ReactCommon/runtimeexecutor`)
  - ReactCommon/turbomodule/core (from `../node_modules/react-native/ReactCommon`)
  - RNBackgroundFetch (from `../node_modules/react-native-background-fetch`)
  - "RNCClipboard (from `../node_modules/@react-native-community/clipboard`)"
  - "RNCMaskedView (from `../node_modules/@react-native-masked-view/masked-view`)"
  - RNGestureHandler (from `../node_modules/react-native-gesture-handler`)
  - "RNNotifee (from `../node_modules/@notifee/react-native`)"
  - RNPermissions (from `../node_modules/react-native-permissions`)
  - RNReanimated (from `../node_modules/react-native-reanimated`)
  - RNScreens (from `../node_modules/react-native-screens`)
  - RNSVG (from `../node_modules/react-native-svg`)
  - RNVectorIcons (from `../node_modules/react-native-vector-icons`)
  - VisionCamera (from `../node_modules/react-native-vision-camera`)
  - Yoga (from `../node_modules/react-native/ReactCommon/yoga`)

SPEC REPOS:
  trunk:
    - boost-for-react-native
    - CocoaAsyncSocket
    - Flipper
    - Flipper-Boost-iOSX
    - Flipper-DoubleConversion
    - Flipper-Fmt
    - Flipper-Folly
    - Flipper-Glog
    - Flipper-PeerTalk
    - Flipper-RSocket
    - FlipperKit
    - fmt
    - libevent
    - OpenSSL-Universal
    - YogaKit

EXTERNAL SOURCES:
  DoubleConversion:
    :podspec: "../node_modules/react-native/third-party-podspecs/DoubleConversion.podspec"
  FBLazyVector:
    :path: "../node_modules/react-native/Libraries/FBLazyVector"
  FBReactNativeSpec:
    :path: "../node_modules/react-native/React/FBReactNativeSpec"
  glog:
    :podspec: "../node_modules/react-native/third-party-podspecs/glog.podspec"
  Permission-Camera:
    :path: "../node_modules/react-native-permissions/ios/Camera"
  Permission-Notifications:
    :path: "../node_modules/react-native-permissions/ios/Notifications"
  RCT-Folly:
    :podspec: "../node_modules/react-native/third-party-podspecs/RCT-Folly.podspec"
  RCTRequired:
    :path: "../node_modules/react-native/Libraries/RCTRequired"
  RCTTypeSafety:
    :path: "../node_modules/react-native/Libraries/TypeSafety"
  React:
    :path: "../node_modules/react-native/"
  React-callinvoker:
    :path: "../node_modules/react-native/ReactCommon/callinvoker"
  React-Core:
    :path: "../node_modules/react-native/"
  React-CoreModules:
    :path: "../node_modules/react-native/React/CoreModules"
  React-cxxreact:
    :path: "../node_modules/react-native/ReactCommon/cxxreact"
  React-jsi:
    :path: "../node_modules/react-native/ReactCommon/jsi"
  React-jsiexecutor:
    :path: "../node_modules/react-native/ReactCommon/jsiexecutor"
  React-jsinspector:
    :path: "../node_modules/react-native/ReactCommon/jsinspector"
  react-native-randombytes:
    :path: "../node_modules/react-native-randombytes"
  react-native-safe-area-context:
    :path: "../node_modules/react-native-safe-area-context"
  react-native-sodium:
    :path: "../node_modules/react-native-sodium"
  react-native-sqlite-storage:
    :path: "../node_modules/react-native-sqlite-storage"
  react-native-version-number:
    :path: "../node_modules/react-native-version-number"
  React-perflogger:
    :path: "../node_modules/react-native/ReactCommon/reactperflogger"
  React-RCTActionSheet:
    :path: "../node_modules/react-native/Libraries/ActionSheetIOS"
  React-RCTAnimation:
    :path: "../node_modules/react-native/Libraries/NativeAnimation"
  React-RCTBlob:
    :path: "../node_modules/react-native/Libraries/Blob"
  React-RCTImage:
    :path: "../node_modules/react-native/Libraries/Image"
  React-RCTLinking:
    :path: "../node_modules/react-native/Libraries/LinkingIOS"
  React-RCTNetwork:
    :path: "../node_modules/react-native/Libraries/Network"
  React-RCTSettings:
    :path: "../node_modules/react-native/Libraries/Settings"
  React-RCTText:
    :path: "../node_modules/react-native/Libraries/Text"
  React-RCTVibration:
    :path: "../node_modules/react-native/Libraries/Vibration"
  React-runtimeexecutor:
    :path: "../node_modules/react-native/ReactCommon/runtimeexecutor"
  ReactCommon:
    :path: "../node_modules/react-native/ReactCommon"
  RNBackgroundFetch:
    :path: "../node_modules/react-native-background-fetch"
  RNCClipboard:
    :path: "../node_modules/@react-native-community/clipboard"
  RNCMaskedView:
    :path: "../node_modules/@react-native-masked-view/masked-view"
  RNGestureHandler:
    :path: "../node_modules/react-native-gesture-handler"
  RNNotifee:
    :path: "../node_modules/@notifee/react-native"
  RNPermissions:
    :path: "../node_modules/react-native-permissions"
  RNReanimated:
    :path: "../node_modules/react-native-reanimated"
  RNScreens:
    :path: "../node_modules/react-native-screens"
  RNSVG:
    :path: "../node_modules/react-native-svg"
  RNVectorIcons:
    :path: "../node_modules/react-native-vector-icons"
  VisionCamera:
    :path: "../node_modules/react-native-vision-camera"
  Yoga:
    :path: "../node_modules/react-native/ReactCommon/yoga"

SPEC CHECKSUMS:
  boost-for-react-native: 39c7adb57c4e60d6c5479dd8623128eb5b3f0f2c
  CocoaAsyncSocket: 065fd1e645c7abab64f7a6a2007a48038fdc6a99
  DoubleConversion: 831926d9b8bf8166fd87886c4abab286c2422662
  FBLazyVector: 0e9e33e0ea8988b63afab6d0de48a439ef7f38a5
  FBReactNativeSpec: 361d07f694bc5962407333de9140034e8fd5be52
  Flipper: d703bba193ddcd148b4a8982ab9ba9aebbb85759
  Flipper-Boost-iOSX: fd1e2b8cbef7e662a122412d7ac5f5bea715403c
  Flipper-DoubleConversion: 57ffbe81ef95306cc9e69c4aa3aeeeeb58a6a28c
  Flipper-Fmt: 60cbdd92fc254826e61d669a5d87ef7015396a9b
  Flipper-Folly: 83af37379faa69497529e414bd43fbfc7cae259a
  Flipper-Glog: 1dfd6abf1e922806c52ceb8701a3599a79a200a6
  Flipper-PeerTalk: 116d8f857dc6ef55c7a5a75ea3ceaafe878aadc9
  Flipper-RSocket: d9d9ade67cbecf6ac10730304bf5607266dd2541
  FlipperKit: f1d0691c5997724a37b4912d208a5abbe8a751c0
  fmt: ff9d55029c625d3757ed641535fd4a75fedc7ce9
  glog: 5337263514dd6f09803962437687240c5dc39aa4
  libevent: 4049cae6c81cdb3654a443be001fb9bdceff7913
  OpenSSL-Universal: 1aa4f6a6ee7256b83db99ec1ccdaa80d10f9af9b
  Permission-Camera: 119b01de97a5b3edb637999e38476b68143b9d17
  Permission-Notifications: 5c69bf2f6c1e30345af4f25e2981dc1c8dafbc22
  RCT-Folly: 0dd9e1eb86348ecab5ba76f910b56f4b5fef3c46
  RCTRequired: 655e18b89b599c17ee55d288359f96d5600c9004
  RCTTypeSafety: 6eb5f6ebeac6a9e448d1c8a802a48a4e8ffce178
  React: d28999caca83846964d5ba42a76d2b477502aa88
  React-callinvoker: fef7210edb8bc0900cd04dcf3f27c4c1da2b54eb
  React-Core: c67cde24c57654c3712faa5a94b78159a7dc0372
  React-CoreModules: fefae9f3eeafec2521a6b97b4108652cc43e7858
  React-cxxreact: 04436f72ab795df356f038f55c38b49435a70f9a
  React-jsi: 0ab20c9070bc28cd99a200e826ce7cf46e8f5b26
  React-jsiexecutor: d7540b187f30f45281ece995f19dde143e3afff3
  React-jsinspector: 94bbad998be4efbdac7d6d152677bdd134c1c980
  react-native-randombytes: 421f1c7d48c0af8dbcd471b0324393ebf8fe7846
  react-native-safe-area-context: 9e40fb181dac02619414ba1294d6c2a807056ab9
  react-native-sodium: be31e3fd97b1e9abd0853d7623fbec4b390b6615
  react-native-sqlite-storage: 418ef4afc5e6df6ce3574c4617e5f0b65cffde55
  react-native-version-number: b415bbec6a13f2df62bf978e85bc0d699462f37f
  React-perflogger: f8205b59ccf68dbe4184e71ac7b4db55ea0c8965
  React-RCTActionSheet: 67b50ddfccbc123dcc7574475e4fdc911cc601d7
  React-RCTAnimation: 3b998b2da94bc3f74c8d8e98b3181e20678a0ca7
  React-RCTBlob: 56bba0f20fcc698f085506a4746bee94c2ce7814
  React-RCTImage: ab60c724f4d72a084a02937dffab1b399dac1a71
  React-RCTLinking: 0cd026062d693155697128c89fdd06c6bd86cc55
  React-RCTNetwork: af0c7e6a1d7b7496e0752de2e5be983fa0ea9e84
  React-RCTSettings: 27f1a529b7db16f25d3a8f6a215012f4dcb0846a
  React-RCTText: a1f88c670ca99e5d173059cc871ff03d565c2be4
  React-RCTVibration: a19175b1a97cbad173a032a5d089ec5784b2bac3
  React-runtimeexecutor: 5ebf1c985947ea684140fe8431b5b4921c2960c1
  ReactCommon: 3a88b42affa0809e2524f978700a22841b04a421
  RNBackgroundFetch: 0d378f04faa1244f6eb3787f51f7d99520c1fe5e
  RNCClipboard: 41d8d918092ae8e676f18adada19104fa3e68495
  RNCMaskedView: bc0170f389056201c82a55e242e5d90070e18e5a
  RNGestureHandler: a479ebd5ed4221a810967000735517df0d2db211
  RNNotifee: 5155e0a5e0a97d0c839030d8192783cd63053999
  RNPermissions: 99dd8d4a30ff13509b949ca63cd1f69edc461775
  RNReanimated: c1b56d030d1616239861534d9adb531f8cffab68
  RNScreens: f7ad633b2e0190b77b6a7aab7f914fad6f198d8d
  RNSVG: ecd661f380a07ba690c9c5929c475a44f432d674
  RNVectorIcons: 31cebfcf94e8cf8686eb5303ae0357da64d7a5a4
  VisionCamera: 3732b73e28dc6ac047b7ac3ee4d0b54be95e1a9d
  Yoga: 8ae716bf8b654fac1c7be1ac81376041837acb2c
  YogaKit: f782866e155069a2cca2517aafea43200b01fd5a

PODFILE CHECKSUM: b34637c58ee42b2091cbfd728d825fa3263499f2

COCOAPODS: 1.11.3
